
Microsoft Visual Studio Solution File, Format Version 12.00
# Visual Studio Version 16
VisualStudioVersion = 16.0.30509.190
MinimumVisualStudioVersion = 10.0.40219.1
Project("{9A19103F-16F7-4668-BE54-9A1E7A4F7556}") = "SLAE.DirectMethods", "src\SLAE.DirectMethods\SLAE.DirectMethods.csproj", "{FE794FB1-BFD6-41FB-B64D-BCF69EB2F724}"
EndProject
Project("{2150E333-8FDC-42A3-9474-1A3956D46DE8}") = "items", "items", "{546C1215-F8DD-40A9-A78A-66C81CE3F733}"
	ProjectSection(SolutionItems) = preProject
		.gitattributes = .gitattributes
		.gitignore = .gitignore
		README.md = README.md
	EndProjectSection
EndProject
Project("{9A19103F-16F7-4668-BE54-9A1E7A4F7556}") = "NonLinearEquations", "src\NonLinearEquations\NonLinearEquations.csproj", "{3F425A20-969B-428A-AB8D-A0ADA5710AFD}"
EndProject
Project("{2150E333-8FDC-42A3-9474-1A3956D46DE8}") = "src", "src", "{2055AF02-4638-4F2C-A74D-E8D4ED10E4AC}"
EndProject
Project("{2150E333-8FDC-42A3-9474-1A3956D46DE8}") = "tests", "tests", "{B2806848-249B-4CEB-B9A3-BC50010A6D70}"
EndProject
Project("{FAE04EC0-301F-11D3-BF4B-00C04F79EFBC}") = "MathExpressions", "src\MathExpressions\MathExpressions.csproj", "{8980D6C7-815A-42D7-A07D-7809885B7769}"
EndProject
Project("{FAE04EC0-301F-11D3-BF4B-00C04F79EFBC}") = "MathExpressions.Tests", "tests\MathExpressions.Tests\MathExpressions.Tests.csproj", "{A201DE9C-C52C-4EE5-8FD6-6EF1EDFB191F}"
EndProject
Global
	GlobalSection(SolutionConfigurationPlatforms) = preSolution
		Debug|Any CPU = Debug|Any CPU
		Release|Any CPU = Release|Any CPU
	EndGlobalSection
	GlobalSection(ProjectConfigurationPlatforms) = postSolution
		{FE794FB1-BFD6-41FB-B64D-BCF69EB2F724}.Debug|Any CPU.ActiveCfg = Debug|Any CPU
		{FE794FB1-BFD6-41FB-B64D-BCF69EB2F724}.Debug|Any CPU.Build.0 = Debug|Any CPU
		{FE794FB1-BFD6-41FB-B64D-BCF69EB2F724}.Release|Any CPU.ActiveCfg = Release|Any CPU
		{FE794FB1-BFD6-41FB-B64D-BCF69EB2F724}.Release|Any CPU.Build.0 = Release|Any CPU
		{3F425A20-969B-428A-AB8D-A0ADA5710AFD}.Debug|Any CPU.ActiveCfg = Debug|Any CPU
		{3F425A20-969B-428A-AB8D-A0ADA5710AFD}.Debug|Any CPU.Build.0 = Debug|Any CPU
		{3F425A20-969B-428A-AB8D-A0ADA5710AFD}.Release|Any CPU.ActiveCfg = Release|Any CPU
		{3F425A20-969B-428A-AB8D-A0ADA5710AFD}.Release|Any CPU.Build.0 = Release|Any CPU
		{8980D6C7-815A-42D7-A07D-7809885B7769}.Debug|Any CPU.ActiveCfg = Debug|Any CPU
		{8980D6C7-815A-42D7-A07D-7809885B7769}.Debug|Any CPU.Build.0 = Debug|Any CPU
		{8980D6C7-815A-42D7-A07D-7809885B7769}.Release|Any CPU.ActiveCfg = Release|Any CPU
		{8980D6C7-815A-42D7-A07D-7809885B7769}.Release|Any CPU.Build.0 = Release|Any CPU
		{A201DE9C-C52C-4EE5-8FD6-6EF1EDFB191F}.Debug|Any CPU.ActiveCfg = Debug|Any CPU
		{A201DE9C-C52C-4EE5-8FD6-6EF1EDFB191F}.Debug|Any CPU.Build.0 = Debug|Any CPU
		{A201DE9C-C52C-4EE5-8FD6-6EF1EDFB191F}.Release|Any CPU.ActiveCfg = Release|Any CPU
		{A201DE9C-C52C-4EE5-8FD6-6EF1EDFB191F}.Release|Any CPU.Build.0 = Release|Any CPU
	EndGlobalSection
	GlobalSection(SolutionProperties) = preSolution
		HideSolutionNode = FALSE
	EndGlobalSection
	GlobalSection(NestedProjects) = preSolution
		{FE794FB1-BFD6-41FB-B64D-BCF69EB2F724} = {2055AF02-4638-4F2C-A74D-E8D4ED10E4AC}
		{3F425A20-969B-428A-AB8D-A0ADA5710AFD} = {2055AF02-4638-4F2C-A74D-E8D4ED10E4AC}
		{8980D6C7-815A-42D7-A07D-7809885B7769} = {2055AF02-4638-4F2C-A74D-E8D4ED10E4AC}
		{A201DE9C-C52C-4EE5-8FD6-6EF1EDFB191F} = {B2806848-249B-4CEB-B9A3-BC50010A6D70}
	EndGlobalSection
	GlobalSection(ExtensibilityGlobals) = postSolution
		SolutionGuid = {33F5D458-55B2-45E4-8034-B8D4A435E9C7}
	EndGlobalSection
EndGlobal
